
Microsoft Visual Studio Solution File, Format Version 12.00
# Visual Studio 14
VisualStudioVersion = 14.0.25420.1
MinimumVisualStudioVersion = 10.0.40219.1
Project("{FAE04EC0-301F-11D3-BF4B-00C04F79EFBC}") = "SudokuSolver", "SudokuSolver\SudokuSolver.csproj", "{6E1B6FB8-8172-417D-8054-4E0AF333FF58}"
EndProject
Project("{FAE04EC0-301F-11D3-BF4B-00C04F79EFBC}") = "SudokuSolver.Tests", "SudokuSolver.Tests\SudokuSolver.Tests.csproj", "{A1968B7C-8561-4DE6-B483-D752F937C836}"
EndProject
Global
	GlobalSection(SolutionConfigurationPlatforms) = preSolution
		Debug|Any CPU = Debug|Any CPU
		Release|Any CPU = Release|Any CPU
	EndGlobalSection
	GlobalSection(ProjectConfigurationPlatforms) = postSolution
		{6E1B6FB8-8172-417D-8054-4E0AF333FF58}.Debug|Any CPU.ActiveCfg = Debug|Any CPU
		{6E1B6FB8-8172-417D-8054-4E0AF333FF58}.Debug|Any CPU.Build.0 = Debug|Any CPU
		{6E1B6FB8-8172-417D-8054-4E0AF333FF58}.Release|Any CPU.ActiveCfg = Release|Any CPU
		{6E1B6FB8-8172-417D-8054-4E0AF333FF58}.Release|Any CPU.Build.0 = Release|Any CPU
		{A1968B7C-8561-4DE6-B483-D752F937C836}.Debug|Any CPU.ActiveCfg = Debug|Any CPU
		{A1968B7C-8561-4DE6-B483-D752F937C836}.Debug|Any CPU.Build.0 = Debug|Any CPU
		{A1968B7C-8561-4DE6-B483-D752F937C836}.Release|Any CPU.ActiveCfg = Release|Any CPU
		{A1968B7C-8561-4DE6-B483-D752F937C836}.Release|Any CPU.Build.0 = Release|Any CPU
	EndGlobalSection
	GlobalSection(SolutionProperties) = preSolution
		HideSolutionNode = FALSE
	EndGlobalSection
EndGlobal
